
Microsoft Visual Studio Solution File, Format Version 12.00
# Visual Studio Version 17
VisualStudioVersion = 17.5.002.0
MinimumVisualStudioVersion = 10.0.40219.1
Project("{9A19103F-16F7-4668-BE54-9A1E7A4F7556}") = "LoginSystem", "LoginSystem\LoginSystem.csproj", "{9FECC89E-EF4D-4057-A838-FC0D73044ABD}"
EndProject
Global
	GlobalSection(SolutionConfigurationPlatforms) = preSolution
		Debug|Any CPU = Debug|Any CPU
		Release|Any CPU = Release|Any CPU
	EndGlobalSection
	GlobalSection(ProjectConfigurationPlatforms) = postSolution
		{9FECC89E-EF4D-4057-A838-FC0D73044ABD}.Debug|Any CPU.ActiveCfg = Debug|Any CPU
		{9FECC89E-EF4D-4057-A838-FC0D73044ABD}.Debug|Any CPU.Build.0 = Debug|Any CPU
		{9FECC89E-EF4D-4057-A838-FC0D73044ABD}.Release|Any CPU.ActiveCfg = Release|Any CPU
		{9FECC89E-EF4D-4057-A838-FC0D73044ABD}.Release|Any CPU.Build.0 = Release|Any CPU
	EndGlobalSection
	GlobalSection(SolutionProperties) = preSolution
		HideSolutionNode = FALSE
	EndGlobalSection
	GlobalSection(ExtensibilityGlobals) = postSolution
		SolutionGuid = {103CC2E1-4847-4BD9-990C-C44F8B9CD214}
	EndGlobalSection
EndGlobal
